
Microsoft Visual Studio Solution File, Format Version 12.00
# Visual Studio Version 17
VisualStudioVersion = 17.8.34330.188
MinimumVisualStudioVersion = 10.0.40219.1
Project("{FAE04EC0-301F-11D3-BF4B-00C04F79EFBC}") = "WebApplicationTest", "WebApplicationTest\WebApplicationTest.csproj", "{4FAE4FE1-696D-4AF4-9FCE-B93BABEC227E}"
EndProject
Global
	GlobalSection(SolutionConfigurationPlatforms) = preSolution
		Debug|Any CPU = Debug|Any CPU
		Release|Any CPU = Release|Any CPU
	EndGlobalSection
	GlobalSection(ProjectConfigurationPlatforms) = postSolution
		{4FAE4FE1-696D-4AF4-9FCE-B93BABEC227E}.Debug|Any CPU.ActiveCfg = Debug|Any CPU
		{4FAE4FE1-696D-4AF4-9FCE-B93BABEC227E}.Debug|Any CPU.Build.0 = Debug|Any CPU
		{4FAE4FE1-696D-4AF4-9FCE-B93BABEC227E}.Release|Any CPU.ActiveCfg = Release|Any CPU
		{4FAE4FE1-696D-4AF4-9FCE-B93BABEC227E}.Release|Any CPU.Build.0 = Release|Any CPU
	EndGlobalSection
	GlobalSection(SolutionProperties) = preSolution
		HideSolutionNode = FALSE
	EndGlobalSection
	GlobalSection(ExtensibilityGlobals) = postSolution
		SolutionGuid = {11EA3311-1C52-4A82-98A2-ACAD3259C988}
	EndGlobalSection
EndGlobal
